hash: ecc57bf873ca4ce4295146be54026c50272f5ac2062dfdc6a3f341b9080c47b2
updated: 2017-09-05T12:00:04.0130606+08:00
imports:
- name: github.com/astaxie/beego
  version: 90999717dda6193c6f970eec52e289b0a9e74998
  subpackages:
  - config
  - context
  - grace
  - logs
  - session
  - toolbox
  - utils
- name: github.com/jinzhu/gorm
  version: 5174cc5c242a728b435ea2be8a2f7f998e15429b
  subpackages:
  - dialects/postgres
- name: github.com/jinzhu/inflection
  version: 1c35d901db3da928c72a72d8458480cc9ade058f
- name: github.com/lib/pq
  version: e42267488fe361b9dc034be7a6bffef5b195bceb
  subpackages:
  - hstore
  - oid
- name: github.com/neelance/graphql-go
  version: 52080e1f0951c75dd4addba57db27fc4de1d0019
  subpackages:
  - errors
  - internal/common
  - internal/exec
  - internal/exec/packer
  - internal/exec/resolvable
  - internal/exec/selected
  - internal/query
  - internal/schema
  - internal/validation
  - introspection
  - log
  - trace
- name: github.com/opentracing/opentracing-go
  version: 8ebe5d4e236eed9fd88e593c288bfb804d630b8c
  subpackages:
  - ext
  - log
- name: golang.org/x/net
  version: 66aacef3dd8a676686c7ae3716979581e8b03c47
  subpackages:
  - context
testImports:
- name: github.com/gopherjs/gopherjs
  version: f7c56533adfac99e12ccdccfec04a466d2a778da
  subpackages:
  - js
- name: github.com/jtolds/gls
  version: 77f18212c9c7edc9bd6a33d383a7b545ce62f064
- name: github.com/smartystreets/assertions
  version: 9c0ea8acbc1d8ad689f9e6fe0c1fa5838e0cabc2
  subpackages:
  - internal/go-render/render
  - internal/oglematchers
- name: github.com/smartystreets/goconvey
  version: 9e8dc3f972df6c8fcc0375ef492c24d0bb204857
  subpackages:
  - convey
  - convey/gotest
  - convey/reporting
